// !$*UTF8*$!
{
	archiveVersion = 1;
	classes = {
	};
	objectVersion = 46;
	objects = {

/* Begin PBXBuildFile section */
		3C42391F1C449621005AD747 /* SubmitPinViewController.swift in Sources */ = {isa = PBXBuildFile; fileRef = 3C42391E1C449621005AD747 /* SubmitPinViewController.swift */; };
		3C4239241C47204D005AD747 /* Roboto-Medium.ttf in Resources */ = {isa = PBXBuildFile; fileRef = 3C4239211C47204D005AD747 /* Roboto-Medium.ttf */; };
		3C4239251C47204D005AD747 /* Roboto-Regular.ttf in Resources */ = {isa = PBXBuildFile; fileRef = 3C4239221C47204D005AD747 /* Roboto-Regular.ttf */; };
		3C4239261C47204D005AD747 /* Roboto-Thin.ttf in Resources */ = {isa = PBXBuildFile; fileRef = 3C4239231C47204D005AD747 /* Roboto-Thin.ttf */; };
		3C4239291C4AEF23005AD747 /* FBSDKCoreKit.framework in Frameworks */ = {isa = PBXBuildFile; fileRef = 3C4239281C4AEF23005AD747 /* FBSDKCoreKit.framework */; };
		3C42392B1C4AF9ED005AD747 /* FBSDKLoginKit.framework in Frameworks */ = {isa = PBXBuildFile; fileRef = 3C42392A1C4AF9ED005AD747 /* FBSDKLoginKit.framework */; };
		3C42392D1C4C6E47005AD747 /* StudentTableViewController.swift in Sources */ = {isa = PBXBuildFile; fileRef = 3C42392C1C4C6E47005AD747 /* StudentTableViewController.swift */; };
		3C4777611C34909E00DEA421 /* AppDelegate.swift in Sources */ = {isa = PBXBuildFile; fileRef = 3C4777601C34909E00DEA421 /* AppDelegate.swift */; };
		3C4777631C34909E00DEA421 /* LoginViewController.swift in Sources */ = {isa = PBXBuildFile; fileRef = 3C4777621C34909E00DEA421 /* LoginViewController.swift */; };
		3C4777661C34909E00DEA421 /* Main.storyboard in Resources */ = {isa = PBXBuildFile; fileRef = 3C4777641C34909E00DEA421 /* Main.storyboard */; };
		3C4777681C34909E00DEA421 /* Assets.xcassets in Resources */ = {isa = PBXBuildFile; fileRef = 3C4777671C34909E00DEA421 /* Assets.xcassets */; };
		3C47776B1C34909E00DEA421 /* LaunchScreen.storyboard in Resources */ = {isa = PBXBuildFile; fileRef = 3C4777691C34909E00DEA421 /* LaunchScreen.storyboard */; };
		3C4777761C34909E00DEA421 /* OnTheMapTests.swift in Sources */ = {isa = PBXBuildFile; fileRef = 3C4777751C34909E00DEA421 /* OnTheMapTests.swift */; };
		3C4777811C34909E00DEA421 /* OnTheMapUITests.swift in Sources */ = {isa = PBXBuildFile; fileRef = 3C4777801C34909E00DEA421 /* OnTheMapUITests.swift */; };
		3C4777921C39BB9700DEA421 /* UdacityConstants.swift in Sources */ = {isa = PBXBuildFile; fileRef = 3C4777911C39BB9700DEA421 /* UdacityConstants.swift */; };
		3C4777941C39BBE800DEA421 /* UdacityClient.swift in Sources */ = {isa = PBXBuildFile; fileRef = 3C4777931C39BBE800DEA421 /* UdacityClient.swift */; };
		3C4777961C39CD9900DEA421 /* UdacityConvenience.swift in Sources */ = {isa = PBXBuildFile; fileRef = 3C4777951C39CD9900DEA421 /* UdacityConvenience.swift */; };
		3C4777981C3A016800DEA421 /* StudentInformation.swift in Sources */ = {isa = PBXBuildFile; fileRef = 3C4777971C3A016800DEA421 /* StudentInformation.swift */; };
		3C4777A31C3AFF4F00DEA421 /* ParseClient.swift in Sources */ = {isa = PBXBuildFile; fileRef = 3C4777A21C3AFF4F00DEA421 /* ParseClient.swift */; };
		3C4777A51C3AFFF000DEA421 /* ParseConstants.swift in Sources */ = {isa = PBXBuildFile; fileRef = 3C4777A41C3AFFF000DEA421 /* ParseConstants.swift */; };
		3C4777A71C3B046600DEA421 /* ParseConvenience.swift in Sources */ = {isa = PBXBuildFile; fileRef = 3C4777A61C3B046600DEA421 /* ParseConvenience.swift */; };
		3C4777AB1C3B0AB500DEA421 /* OnTheMapTabBarController.swift in Sources */ = {isa = PBXBuildFile; fileRef = 3C4777AA1C3B0AB500DEA421 /* OnTheMapTabBarController.swift */; };
		3C4777AD1C3B75FC00DEA421 /* PinMapViewController.swift in Sources */ = {isa = PBXBuildFile; fileRef = 3C4777AC1C3B75FC00DEA421 /* PinMapViewController.swift */; };
		3C4777B31C3C143300DEA421 /* Refreshable.swift in Sources */ = {isa = PBXBuildFile; fileRef = 3C4777B21C3C143300DEA421 /* Refreshable.swift */; };
		3C4777B51C3C383500DEA421 /* Alertable.swift in Sources */ = {isa = PBXBuildFile; fileRef = 3C4777B41C3C383500DEA421 /* Alertable.swift */; };
		3C4777B91C3C476E00DEA421 /* Client.swift in Sources */ = {isa = PBXBuildFile; fileRef = 3C4777B81C3C476E00DEA421 /* Client.swift */; };
		3CAC1FBD1C3F295100740E45 /* PlaceHolderTextViewDelegate.swift in Sources */ = {isa = PBXBuildFile; fileRef = 3CAC1FBC1C3F295100740E45 /* PlaceHolderTextViewDelegate.swift */; };
		3CB909691C3CC25A00EA53C8 /* AddPinViewController.swift in Sources */ = {isa = PBXBuildFile; fileRef = 3CB909681C3CC25A00EA53C8 /* AddPinViewController.swift */; };
		3CC730A21C54130200A472F0 /* KeyboardDismisser.swift in Sources */ = {isa = PBXBuildFile; fileRef = 3CC730A11C54130200A472F0 /* KeyboardDismisser.swift */; };
		3CC730A41C5419AA00A472F0 /* StudentInformationCollection.swift in Sources */ = {isa = PBXBuildFile; fileRef = 3CC730A31C5419AA00A472F0 /* StudentInformationCollection.swift */; };
		3CDB93DF1C4C92A6007B108E /* OnTheMapTableViewCell.swift in Sources */ = {isa = PBXBuildFile; fileRef = 3CDB93DE1C4C92A6007B108E /* OnTheMapTableViewCell.swift */; };
/* End PBXBuildFile section */

/* Begin PBXContainerItemProxy section */
		3C4777721C34909E00DEA421 /* PBXContainerItemProxy */ = {
			isa = PBXContainerItemProxy;
			containerPortal = 3C4777551C34909E00DEA421 /* Project object */;
			proxyType = 1;
			remoteGlobalIDString = 3C47775C1C34909E00DEA421;
			remoteInfo = OnTheMap;
		};
		3C47777D1C34909E00DEA421 /* PBXContainerItemProxy */ = {
			isa = PBXContainerItemProxy;
			containerPortal = 3C4777551C34909E00DEA421 /* Project object */;
			proxyType = 1;
			remoteGlobalIDString = 3C47775C1C34909E00DEA421;
			remoteInfo = OnTheMap;
		};
/* End PBXContainerItemProxy section */

/* Begin PBXFileReference section */
		3C42391E1C449621005AD747 /* SubmitPinViewController.swift */ = {isa = PBXFileReference; fileEncoding = 4; lastKnownFileType = sourcecode.swift; path = SubmitPinViewController.swift; sourceTree = "<group>"; };
		3C4239211C47204D005AD747 /* Roboto-Medium.ttf */ = {isa = PBXFileReference; lastKnownFileType = file; path = "Roboto-Medium.ttf"; sourceTree = "<group>"; };
		3C4239221C47204D005AD747 /* Roboto-Regular.ttf */ = {isa = PBXFileReference; lastKnownFileType = file; path = "Roboto-Regular.ttf"; sourceTree = "<group>"; };
		3C4239231C47204D005AD747 /* Roboto-Thin.ttf */ = {isa = PBXFileReference; lastKnownFileType = file; path = "Roboto-Thin.ttf"; sourceTree = "<group>"; };
		3C4239281C4AEF23005AD747 /* FBSDKCoreKit.framework */ = {isa = PBXFileReference; lastKnownFileType = wrapper.framework; path = FBSDKCoreKit.framework; sourceTree = "<group>"; };
		3C42392A1C4AF9ED005AD747 /* FBSDKLoginKit.framework */ = {isa = PBXFileReference; lastKnownFileType = wrapper.framework; path = FBSDKLoginKit.framework; sourceTree = "<group>"; };
		3C42392C1C4C6E47005AD747 /* StudentTableViewController.swift */ = {isa = PBXFileReference; fileEncoding = 4; lastKnownFileType = sourcecode.swift; path = StudentTableViewController.swift; sourceTree = "<group>"; };
		3C47775D1C34909E00DEA421 /* OnTheMap.app */ = {isa = PBXFileReference; explicitFileType = wrapper.application; includeInIndex = 0; path = OnTheMap.app; sourceTree = BUILT_PRODUCTS_DIR; };
		3C4777601C34909E00DEA421 /* AppDelegate.swift */ = {isa = PBXFileReference; lastKnownFileType = sourcecode.swift; path = AppDelegate.swift; sourceTree = "<group>"; };
		3C4777621C34909E00DEA421 /* LoginViewController.swift */ = {isa = PBXFileReference; lastKnownFileType = sourcecode.swift; lineEnding = 0; path = LoginViewController.swift; sourceTree = "<group>"; xcLanguageSpecificationIdentifier = xcode.lang.swift; };
		3C4777651C34909E00DEA421 /* Base */ = {isa = PBXFileReference; lastKnownFileType = file.storyboard; name = Base; path = Base.lproj/Main.storyboard; sourceTree = "<group>"; };
		3C4777671C34909E00DEA421 /* Assets.xcassets */ = {isa = PBXFileReference; lastKnownFileType = folder.assetcatalog; path = Assets.xcassets; sourceTree = "<group>"; };
		3C47776A1C34909E00DEA421 /* Base */ = {isa = PBXFileReference; lastKnownFileType = file.storyboard; name = Base; path = Base.lproj/LaunchScreen.storyboard; sourceTree = "<group>"; };
		3C47776C1C34909E00DEA421 /* Info.plist */ = {isa = PBXFileReference; lastKnownFileType = text.plist.xml; path = Info.plist; sourceTree = "<group>"; };
		3C4777711C34909E00DEA421 /* OnTheMapTests.xctest */ = {isa = PBXFileReference; explicitFileType = wrapper.cfbundle; includeInIndex = 0; path = OnTheMapTests.xctest; sourceTree = BUILT_PRODUCTS_DIR; };
		3C4777751C34909E00DEA421 /* OnTheMapTests.swift */ = {isa = PBXFileReference; lastKnownFileType = sourcecode.swift; path = OnTheMapTests.swift; sourceTree = "<group>"; };
		3C4777771C34909E00DEA421 /* Info.plist */ = {isa = PBXFileReference; lastKnownFileType = text.plist.xml; path = Info.plist; sourceTree = "<group>"; };
		3C47777C1C34909E00DEA421 /* OnTheMapUITests.xctest */ = {isa = PBXFileReference; explicitFileType = wrapper.cfbundle; includeInIndex = 0; path = OnTheMapUITests.xctest; sourceTree = BUILT_PRODUCTS_DIR; };
		3C4777801C34909E00DEA421 /* OnTheMapUITests.swift */ = {isa = PBXFileReference; lastKnownFileType = sourcecode.swift; path = OnTheMapUITests.swift; sourceTree = "<group>"; };
		3C4777821C34909E00DEA421 /* Info.plist */ = {isa = PBXFileReference; lastKnownFileType = text.plist.xml; path = Info.plist; sourceTree = "<group>"; };
		3C4777911C39BB9700DEA421 /* UdacityConstants.swift */ = {isa = PBXFileReference; fileEncoding = 4; lastKnownFileType = sourcecode.swift; path = UdacityConstants.swift; sourceTree = "<group>"; };
		3C4777931C39BBE800DEA421 /* UdacityClient.swift */ = {isa = PBXFileReference; fileEncoding = 4; lastKnownFileType = sourcecode.swift; path = UdacityClient.swift; sourceTree = "<group>"; };
		3C4777951C39CD9900DEA421 /* UdacityConvenience.swift */ = {isa = PBXFileReference; fileEncoding = 4; lastKnownFileType = sourcecode.swift; lineEnding = 0; path = UdacityConvenience.swift; sourceTree = "<group>"; xcLanguageSpecificationIdentifier = xcode.lang.swift; };
		3C4777971C3A016800DEA421 /* StudentInformation.swift */ = {isa = PBXFileReference; fileEncoding = 4; lastKnownFileType = sourcecode.swift; lineEnding = 0; path = StudentInformation.swift; sourceTree = "<group>"; xcLanguageSpecificationIdentifier = xcode.lang.swift; };
		3C4777A21C3AFF4F00DEA421 /* ParseClient.swift */ = {isa = PBXFileReference; fileEncoding = 4; lastKnownFileType = sourcecode.swift; path = ParseClient.swift; sourceTree = "<group>"; };
		3C4777A41C3AFFF000DEA421 /* ParseConstants.swift */ = {isa = PBXFileReference; fileEncoding = 4; lastKnownFileType = sourcecode.swift; path = ParseConstants.swift; sourceTree = "<group>"; };
		3C4777A61C3B046600DEA421 /* ParseConvenience.swift */ = {isa = PBXFileReference; fileEncoding = 4; lastKnownFileType = sourcecode.swift; lineEnding = 0; path = ParseConvenience.swift; sourceTree = "<group>"; xcLanguageSpecificationIdentifier = xcode.lang.swift; };
		3C4777AA1C3B0AB500DEA421 /* OnTheMapTabBarController.swift */ = {isa = PBXFileReference; fileEncoding = 4; lastKnownFileType = sourcecode.swift; lineEnding = 0; path = OnTheMapTabBarController.swift; sourceTree = "<group>"; xcLanguageSpecificationIdentifier = xcode.lang.swift; };
		3C4777AC1C3B75FC00DEA421 /* PinMapViewController.swift */ = {isa = PBXFileReference; fileEncoding = 4; lastKnownFileType = sourcecode.swift; path = PinMapViewController.swift; sourceTree = "<group>"; };
		3C4777B21C3C143300DEA421 /* Refreshable.swift */ = {isa = PBXFileReference; fileEncoding = 4; lastKnownFileType = sourcecode.swift; path = Refreshable.swift; sourceTree = "<group>"; };
		3C4777B41C3C383500DEA421 /* Alertable.swift */ = {isa = PBXFileReference; fileEncoding = 4; lastKnownFileType = sourcecode.swift; path = Alertable.swift; sourceTree = "<group>"; };
		3C4777B81C3C476E00DEA421 /* Client.swift */ = {isa = PBXFileReference; fileEncoding = 4; lastKnownFileType = sourcecode.swift; path = Client.swift; sourceTree = "<group>"; };
		3CAC1FBC1C3F295100740E45 /* PlaceHolderTextViewDelegate.swift */ = {isa = PBXFileReference; fileEncoding = 4; lastKnownFileType = sourcecode.swift; path = PlaceHolderTextViewDelegate.swift; sourceTree = "<group>"; };
		3CB909681C3CC25A00EA53C8 /* AddPinViewController.swift */ = {isa = PBXFileReference; fileEncoding = 4; lastKnownFileType = sourcecode.swift; path = AddPinViewController.swift; sourceTree = "<group>"; };
		3CC730A11C54130200A472F0 /* KeyboardDismisser.swift */ = {isa = PBXFileReference; fileEncoding = 4; lastKnownFileType = sourcecode.swift; path = KeyboardDismisser.swift; sourceTree = "<group>"; };
		3CC730A31C5419AA00A472F0 /* StudentInformationCollection.swift */ = {isa = PBXFileReference; fileEncoding = 4; lastKnownFileType = sourcecode.swift; path = StudentInformationCollection.swift; sourceTree = "<group>"; };
		3CDB93DE1C4C92A6007B108E /* OnTheMapTableViewCell.swift */ = {isa = PBXFileReference; fileEncoding = 4; lastKnownFileType = sourcecode.swift; path = OnTheMapTableViewCell.swift; sourceTree = "<group>"; };
/* End PBXFileReference section */

/* Begin PBXFrameworksBuildPhase section */
		3C47775A1C34909E00DEA421 /* Frameworks */ = {
			isa = PBXFrameworksBuildPhase;
			buildActionMask = 2147483647;
			files = (
				3C42392B1C4AF9ED005AD747 /* FBSDKLoginKit.framework in Frameworks */,
				3C4239291C4AEF23005AD747 /* FBSDKCoreKit.framework in Frameworks */,
			);
			runOnlyForDeploymentPostprocessing = 0;
		};
		3C47776E1C34909E00DEA421 /* Frameworks */ = {
			isa = PBXFrameworksBuildPhase;
			buildActionMask = 2147483647;
			files = (
			);
			runOnlyForDeploymentPostprocessing = 0;
		};
		3C4777791C34909E00DEA421 /* Frameworks */ = {
			isa = PBXFrameworksBuildPhase;
			buildActionMask = 2147483647;
			files = (
			);
			runOnlyForDeploymentPostprocessing = 0;
		};
/* End PBXFrameworksBuildPhase section */

/* Begin PBXGroup section */
		3C4239201C471FF5005AD747 /* Resources */ = {
			isa = PBXGroup;
			children = (
				3C4239211C47204D005AD747 /* Roboto-Medium.ttf */,
				3C4239221C47204D005AD747 /* Roboto-Regular.ttf */,
				3C4239231C47204D005AD747 /* Roboto-Thin.ttf */,
			);
			name = Resources;
			sourceTree = "<group>";
		};
		3C4239271C4AEEFE005AD747 /* Frameworks */ = {
			isa = PBXGroup;
			children = (
				3C42392A1C4AF9ED005AD747 /* FBSDKLoginKit.framework */,
				3C4239281C4AEF23005AD747 /* FBSDKCoreKit.framework */,
			);
			name = Frameworks;
			sourceTree = "<group>";
		};
		3C4777541C34909E00DEA421 = {
			isa = PBXGroup;
			children = (
				3C47775F1C34909E00DEA421 /* OnTheMap */,
				3C4777741C34909E00DEA421 /* OnTheMapTests */,
				3C47777F1C34909E00DEA421 /* OnTheMapUITests */,
				3C47775E1C34909E00DEA421 /* Products */,
			);
			sourceTree = "<group>";
		};
		3C47775E1C34909E00DEA421 /* Products */ = {
			isa = PBXGroup;
			children = (
				3C47775D1C34909E00DEA421 /* OnTheMap.app */,
				3C4777711C34909E00DEA421 /* OnTheMapTests.xctest */,
				3C47777C1C34909E00DEA421 /* OnTheMapUITests.xctest */,
			);
			name = Products;
			sourceTree = "<group>";
		};
		3C47775F1C34909E00DEA421 /* OnTheMap */ = {
			isa = PBXGroup;
			children = (
				3CDB93DD1C4C9290007B108E /* View */,
				3C4239271C4AEEFE005AD747 /* Frameworks */,
				3C4239201C471FF5005AD747 /* Resources */,
				3CB909631C3CA1D100EA53C8 /* Controllers */,
				3C47778E1C39B98600DEA421 /* Model */,
				3C4777601C34909E00DEA421 /* AppDelegate.swift */,
				3C4777641C34909E00DEA421 /* Main.storyboard */,
				3C4777671C34909E00DEA421 /* Assets.xcassets */,
				3C4777691C34909E00DEA421 /* LaunchScreen.storyboard */,
				3C47776C1C34909E00DEA421 /* Info.plist */,
			);
			path = OnTheMap;
			sourceTree = "<group>";
		};
		3C4777741C34909E00DEA421 /* OnTheMapTests */ = {
			isa = PBXGroup;
			children = (
				3C4777751C34909E00DEA421 /* OnTheMapTests.swift */,
				3C4777771C34909E00DEA421 /* Info.plist */,
			);
			path = OnTheMapTests;
			sourceTree = "<group>";
		};
		3C47777F1C34909E00DEA421 /* OnTheMapUITests */ = {
			isa = PBXGroup;
			children = (
				3C4777801C34909E00DEA421 /* OnTheMapUITests.swift */,
				3C4777821C34909E00DEA421 /* Info.plist */,
			);
			path = OnTheMapUITests;
			sourceTree = "<group>";
		};
		3C47778E1C39B98600DEA421 /* Model */ = {
			isa = PBXGroup;
			children = (
				3CC730A31C5419AA00A472F0 /* StudentInformationCollection.swift */,
				3C4777971C3A016800DEA421 /* StudentInformation.swift */,
				3C47778F1C39BB5200DEA421 /* Clients */,
			);
			name = Model;
			sourceTree = "<group>";
		};
		3C47778F1C39BB5200DEA421 /* Clients */ = {
			isa = PBXGroup;
			children = (
				3C4777B81C3C476E00DEA421 /* Client.swift */,
				3C4777A11C3AFF2D00DEA421 /* Parse */,
				3C4777901C39BB6600DEA421 /* Udacity */,
			);
			name = Clients;
			sourceTree = "<group>";
		};
		3C4777901C39BB6600DEA421 /* Udacity */ = {
			isa = PBXGroup;
			children = (
				3C4777911C39BB9700DEA421 /* UdacityConstants.swift */,
				3C4777951C39CD9900DEA421 /* UdacityConvenience.swift */,
				3C4777931C39BBE800DEA421 /* UdacityClient.swift */,
			);
			name = Udacity;
			sourceTree = "<group>";
		};
		3C4777A11C3AFF2D00DEA421 /* Parse */ = {
			isa = PBXGroup;
			children = (
				3C4777A21C3AFF4F00DEA421 /* ParseClient.swift */,
				3C4777A41C3AFFF000DEA421 /* ParseConstants.swift */,
				3C4777A61C3B046600DEA421 /* ParseConvenience.swift */,
			);
			name = Parse;
			sourceTree = "<group>";
		};
		3CB909631C3CA1D100EA53C8 /* Controllers */ = {
			isa = PBXGroup;
			children = (
				3CC7309D1C5324B500A472F0 /* Protocols */,
				3C42391E1C449621005AD747 /* SubmitPinViewController.swift */,
				3CB909681C3CC25A00EA53C8 /* AddPinViewController.swift */,
				3C4777AC1C3B75FC00DEA421 /* PinMapViewController.swift */,
				3C4777AA1C3B0AB500DEA421 /* OnTheMapTabBarController.swift */,
				3C4777621C34909E00DEA421 /* LoginViewController.swift */,
				3C42392C1C4C6E47005AD747 /* StudentTableViewController.swift */,
				3CC730A11C54130200A472F0 /* KeyboardDismisser.swift */,
			);
			name = Controllers;
			sourceTree = "<group>";
		};
		3CC7309D1C5324B500A472F0 /* Protocols */ = {
			isa = PBXGroup;
			children = (
				3C4777B21C3C143300DEA421 /* Refreshable.swift */,
				3C4777B41C3C383500DEA421 /* Alertable.swift */,
			);
			name = Protocols;
			sourceTree = "<group>";
		};
		3CC7309E1C5324D900A472F0 /* Delegates */ = {
			isa = PBXGroup;
			children = (
				3CAC1FBC1C3F295100740E45 /* PlaceHolderTextViewDelegate.swift */,
			);
			name = Delegates;
			sourceTree = "<group>";
		};
		3CDB93DD1C4C9290007B108E /* View */ = {
			isa = PBXGroup;
			children = (
				3CC7309E1C5324D900A472F0 /* Delegates */,
				3CDB93DE1C4C92A6007B108E /* OnTheMapTableViewCell.swift */,
			);
			name = View;
			sourceTree = "<group>";
		};
/* End PBXGroup section */

/* Begin PBXNativeTarget section */
		3C47775C1C34909E00DEA421 /* OnTheMap */ = {
			isa = PBXNativeTarget;
			buildConfigurationList = 3C4777851C34909E00DEA421 /* Build configuration list for PBXNativeTarget "OnTheMap" */;
			buildPhases = (
				3C4777591C34909E00DEA421 /* Sources */,
				3C47775A1C34909E00DEA421 /* Frameworks */,
				3C47775B1C34909E00DEA421 /* Resources */,
			);
			buildRules = (
			);
			dependencies = (
			);
			name = OnTheMap;
			productName = OnTheMap;
			productReference = 3C47775D1C34909E00DEA421 /* OnTheMap.app */;
			productType = "com.apple.product-type.application";
		};
		3C4777701C34909E00DEA421 /* OnTheMapTests */ = {
			isa = PBXNativeTarget;
			buildConfigurationList = 3C4777881C34909E00DEA421 /* Build configuration list for PBXNativeTarget "OnTheMapTests" */;
			buildPhases = (
				3C47776D1C34909E00DEA421 /* Sources */,
				3C47776E1C34909E00DEA421 /* Frameworks */,
				3C47776F1C34909E00DEA421 /* Resources */,
			);
			buildRules = (
			);
			dependencies = (
				3C4777731C34909E00DEA421 /* PBXTargetDependency */,
			);
			name = OnTheMapTests;
			productName = OnTheMapTests;
			productReference = 3C4777711C34909E00DEA421 /* OnTheMapTests.xctest */;
			productType = "com.apple.product-type.bundle.unit-test";
		};
		3C47777B1C34909E00DEA421 /* OnTheMapUITests */ = {
			isa = PBXNativeTarget;
			buildConfigurationList = 3C47778B1C34909E00DEA421 /* Build configuration list for PBXNativeTarget "OnTheMapUITests" */;
			buildPhases = (
				3C4777781C34909E00DEA421 /* Sources */,
				3C4777791C34909E00DEA421 /* Frameworks */,
				3C47777A1C34909E00DEA421 /* Resources */,
			);
			buildRules = (
			);
			dependencies = (
				3C47777E1C34909E00DEA421 /* PBXTargetDependency */,
			);
			name = OnTheMapUITests;
			productName = OnTheMapUITests;
			productReference = 3C47777C1C34909E00DEA421 /* OnTheMapUITests.xctest */;
			productType = "com.apple.product-type.bundle.ui-testing";
		};
/* End PBXNativeTarget section */

/* Begin PBXProject section */
		3C4777551C34909E00DEA421 /* Project object */ = {
			isa = PBXProject;
			attributes = {
				LastSwiftUpdateCheck = 0720;
				LastUpgradeCheck = 0720;
				ORGANIZATIONNAME = "Paul Salinas";
				TargetAttributes = {
					3C47775C1C34909E00DEA421 = {
						CreatedOnToolsVersion = 7.2;
					};
					3C4777701C34909E00DEA421 = {
						CreatedOnToolsVersion = 7.2;
						TestTargetID = 3C47775C1C34909E00DEA421;
					};
					3C47777B1C34909E00DEA421 = {
						CreatedOnToolsVersion = 7.2;
						TestTargetID = 3C47775C1C34909E00DEA421;
					};
				};
			};
			buildConfigurationList = 3C4777581C34909E00DEA421 /* Build configuration list for PBXProject "OnTheMap" */;
			compatibilityVersion = "Xcode 3.2";
			developmentRegion = English;
			hasScannedForEncodings = 0;
			knownRegions = (
				en,
				Base,
			);
			mainGroup = 3C4777541C34909E00DEA421;
			productRefGroup = 3C47775E1C34909E00DEA421 /* Products */;
			projectDirPath = "";
			projectRoot = "";
			targets = (
				3C47775C1C34909E00DEA421 /* OnTheMap */,
				3C4777701C34909E00DEA421 /* OnTheMapTests */,
				3C47777B1C34909E00DEA421 /* OnTheMapUITests */,
			);
		};
/* End PBXProject section */

/* Begin PBXResourcesBuildPhase section */
		3C47775B1C34909E00DEA421 /* Resources */ = {
			isa = PBXResourcesBuildPhase;
			buildActionMask = 2147483647;
			files = (
				3C4239241C47204D005AD747 /* Roboto-Medium.ttf in Resources */,
				3C47776B1C34909E00DEA421 /* LaunchScreen.storyboard in Resources */,
				3C4239261C47204D005AD747 /* Roboto-Thin.ttf in Resources */,
				3C4239251C47204D005AD747 /* Roboto-Regular.ttf in Resources */,
				3C4777681C34909E00DEA421 /* Assets.xcassets in Resources */,
				3C4777661C34909E00DEA421 /* Main.storyboard in Resources */,
			);
			runOnlyForDeploymentPostprocessing = 0;
		};
		3C47776F1C34909E00DEA421 /* Resources */ = {
			isa = PBXResourcesBuildPhase;
			buildActionMask = 2147483647;
			files = (
			);
			runOnlyForDeploymentPostprocessing = 0;
		};
		3C47777A1C34909E00DEA421 /* Resources */ = {
			isa = PBXResourcesBuildPhase;
			buildActionMask = 2147483647;
			files = (
			);
			runOnlyForDeploymentPostprocessing = 0;
		};
/* End PBXResourcesBuildPhase section */

/* Begin PBXSourcesBuildPhase section */
		3C4777591C34909E00DEA421 /* Sources */ = {
			isa = PBXSourcesBuildPhase;
			buildActionMask = 2147483647;
			files = (
				3C4777941C39BBE800DEA421 /* UdacityClient.swift in Sources */,
				3CDB93DF1C4C92A6007B108E /* OnTheMapTableViewCell.swift in Sources */,
				3C42391F1C449621005AD747 /* SubmitPinViewController.swift in Sources */,
				3CB909691C3CC25A00EA53C8 /* AddPinViewController.swift in Sources */,
				3C4777631C34909E00DEA421 /* LoginViewController.swift in Sources */,
				3C4777611C34909E00DEA421 /* AppDelegate.swift in Sources */,
				3C4777981C3A016800DEA421 /* StudentInformation.swift in Sources */,
				3CC730A41C5419AA00A472F0 /* StudentInformationCollection.swift in Sources */,
				3CAC1FBD1C3F295100740E45 /* PlaceHolderTextViewDelegate.swift in Sources */,
				3C4777961C39CD9900DEA421 /* UdacityConvenience.swift in Sources */,
				3C42392D1C4C6E47005AD747 /* StudentTableViewController.swift in Sources */,
				3C4777A71C3B046600DEA421 /* ParseConvenience.swift in Sources */,
				3C4777B91C3C476E00DEA421 /* Client.swift in Sources */,
				3C4777AB1C3B0AB500DEA421 /* OnTheMapTabBarController.swift in Sources */,
				3C4777A51C3AFFF000DEA421 /* ParseConstants.swift in Sources */,
				3CC730A21C54130200A472F0 /* KeyboardDismisser.swift in Sources */,
				3C4777B51C3C383500DEA421 /* Alertable.swift in Sources */,
				3C4777921C39BB9700DEA421 /* UdacityConstants.swift in Sources */,
				3C4777AD1C3B75FC00DEA421 /* PinMapViewController.swift in Sources */,
				3C4777A31C3AFF4F00DEA421 /* ParseClient.swift in Sources */,
				3C4777B31C3C143300DEA421 /* Refreshable.swift in Sources */,
			);
			runOnlyForDeploymentPostprocessing = 0;
		};
		3C47776D1C34909E00DEA421 /* Sources */ = {
			isa = PBXSourcesBuildPhase;
			buildActionMask = 2147483647;
			files = (
				3C4777761C34909E00DEA421 /* OnTheMapTests.swift in Sources */,
			);
			runOnlyForDeploymentPostprocessing = 0;
		};
		3C4777781C34909E00DEA421 /* Sources */ = {
			isa = PBXSourcesBuildPhase;
			buildActionMask = 2147483647;
			files = (
				3C4777811C34909E00DEA421 /* OnTheMapUITests.swift in Sources */,
			);
			runOnlyForDeploymentPostprocessing = 0;
		};
/* End PBXSourcesBuildPhase section */

/* Begin PBXTargetDependency section */
		3C4777731C34909E00DEA421 /* PBXTargetDependency */ = {
			isa = PBXTargetDependency;
			target = 3C47775C1C34909E00DEA421 /* OnTheMap */;
			targetProxy = 3C4777721C34909E00DEA421 /* PBXContainerItemProxy */;
		};
		3C47777E1C34909E00DEA421 /* PBXTargetDependency */ = {
			isa = PBXTargetDependency;
			target = 3C47775C1C34909E00DEA421 /* OnTheMap */;
			targetProxy = 3C47777D1C34909E00DEA421 /* PBXContainerItemProxy */;
		};
/* End PBXTargetDependency section */

/* Begin PBXVariantGroup section */
		3C4777641C34909E00DEA421 /* Main.storyboard */ = {
			isa = PBXVariantGroup;
			children = (
				3C4777651C34909E00DEA421 /* Base */,
			);
			name = Main.storyboard;
			sourceTree = "<group>";
		};
		3C4777691C34909E00DEA421 /* LaunchScreen.storyboard */ = {
			isa = PBXVariantGroup;
			children = (
				3C47776A1C34909E00DEA421 /* Base */,
			);
			name = LaunchScreen.storyboard;
			sourceTree = "<group>";
		};
/* End PBXVariantGroup section */

/* Begin XCBuildConfiguration section */
		3C4777831C34909E00DEA421 /* Debug */ = {
			isa = XCBuildConfiguration;
			buildSettings = {
				ALWAYS_SEARCH_USER_PATHS = NO;
				CLANG_CXX_LANGUAGE_STANDARD = "gnu++0x";
				CLANG_CXX_LIBRARY = "libc++";
				CLANG_ENABLE_MODULES = YES;
				CLANG_ENABLE_OBJC_ARC = YES;
				CLANG_WARN_BOOL_CONVERSION = YES;
				CLANG_WARN_CONSTANT_CONVERSION = YES;
				CLANG_WARN_DIRECT_OBJC_ISA_USAGE = YES_ERROR;
				CLANG_WARN_EMPTY_BODY = YES;
				CLANG_WARN_ENUM_CONVERSION = YES;
				CLANG_WARN_INT_CONVERSION = YES;
				CLANG_WARN_OBJC_ROOT_CLASS = YES_ERROR;
				CLANG_WARN_UNREACHABLE_CODE = YES;
				CLANG_WARN__DUPLICATE_METHOD_MATCH = YES;
				"CODE_SIGN_IDENTITY[sdk=iphoneos*]" = "iPhone Developer";
				COPY_PHASE_STRIP = NO;
				DEBUG_INFORMATION_FORMAT = dwarf;
				ENABLE_STRICT_OBJC_MSGSEND = YES;
				ENABLE_TESTABILITY = YES;
				GCC_C_LANGUAGE_STANDARD = gnu99;
				GCC_DYNAMIC_NO_PIC = NO;
				GCC_NO_COMMON_BLOCKS = YES;
				GCC_OPTIMIZATION_LEVEL = 0;
				GCC_PREPROCESSOR_DEFINITIONS = (
					"DEBUG=1",
					"$(inherited)",
				);
				GCC_WARN_64_TO_32_BIT_CONVERSION = YES;
				GCC_WARN_ABOUT_RETURN_TYPE = YES_ERROR;
				GCC_WARN_UNDECLARED_SELECTOR = YES;
				GCC_WARN_UNINITIALIZED_AUTOS = YES_AGGRESSIVE;
				GCC_WARN_UNUSED_FUNCTION = YES;
				GCC_WARN_UNUSED_VARIABLE = YES;
				IPHONEOS_DEPLOYMENT_TARGET = 9.2;
				MTL_ENABLE_DEBUG_INFO = YES;
				ONLY_ACTIVE_ARCH = YES;
				SDKROOT = iphoneos;
				SWIFT_OPTIMIZATION_LEVEL = "-Onone";
			};
			name = Debug;
		};
		3C4777841C34909E00DEA421 /* Release */ = {
			isa = XCBuildConfiguration;
			buildSettings = {
				ALWAYS_SEARCH_USER_PATHS = NO;
				CLANG_CXX_LANGUAGE_STANDARD = "gnu++0x";
				CLANG_CXX_LIBRARY = "libc++";
				CLANG_ENABLE_MODULES = YES;
				CLANG_ENABLE_OBJC_ARC = YES;
				CLANG_WARN_BOOL_CONVERSION = YES;
				CLANG_WARN_CONSTANT_CONVERSION = YES;
				CLANG_WARN_DIRECT_OBJC_ISA_USAGE = YES_ERROR;
				CLANG_WARN_EMPTY_BODY = YES;
				CLANG_WARN_ENUM_CONVERSION = YES;
				CLANG_WARN_INT_CONVERSION = YES;
				CLANG_WARN_OBJC_ROOT_CLASS = YES_ERROR;
				CLANG_WARN_UNREACHABLE_CODE = YES;
				CLANG_WARN__DUPLICATE_METHOD_MATCH = YES;
				"CODE_SIGN_IDENTITY[sdk=iphoneos*]" = "iPhone Developer";
				COPY_PHASE_STRIP = NO;
				DEBUG_INFORMATION_FORMAT = "dwarf-with-dsym";
				ENABLE_NS_ASSERTIONS = NO;
				ENABLE_STRICT_OBJC_MSGSEND = YES;
				GCC_C_LANGUAGE_STANDARD = gnu99;
				GCC_NO_COMMON_BLOCKS = YES;
				GCC_WARN_64_TO_32_BIT_CONVERSION = YES;
				GCC_WARN_ABOUT_RETURN_TYPE = YES_ERROR;
				GCC_WARN_UNDECLARED_SELECTOR = YES;
				GCC_WARN_UNINITIALIZED_AUTOS = YES_AGGRESSIVE;
				GCC_WARN_UNUSED_FUNCTION = YES;
				GCC_WARN_UNUSED_VARIABLE = YES;
				IPHONEOS_DEPLOYMENT_TARGET = 9.2;
				MTL_ENABLE_DEBUG_INFO = NO;
				SDKROOT = iphoneos;
				VALIDATE_PRODUCT = YES;
			};
			name = Release;
		};
		3C4777861C34909E00DEA421 /* Debug */ = {
			isa = XCBuildConfiguration;
			buildSettings = {
				ASSETCATALOG_COMPILER_APPICON_NAME = AppIcon;
				FRAMEWORK_SEARCH_PATHS = (
					"$(inherited)",
					"$(PROJECT_DIR)/OnTheMap",
					/Users/paulsalinas/Documents/FacebookSDK,
				);
				INFOPLIST_FILE = OnTheMap/Info.plist;
				LD_RUNPATH_SEARCH_PATHS = "$(inherited) @executable_path/Frameworks";
				PRODUCT_BUNDLE_IDENTIFIER = com.udacity.OnTheMap;
				PRODUCT_NAME = "$(TARGET_NAME)";
			};
			name = Debug;
		};
		3C4777871C34909E00DEA421 /* Release */ = {
			isa = XCBuildConfiguration;
			buildSettings = {
				ASSETCATALOG_COMPILER_APPICON_NAME = AppIcon;
				FRAMEWORK_SEARCH_PATHS = (
					"$(inherited)",
					"$(PROJECT_DIR)/OnTheMap",
					/Users/paulsalinas/Documents/FacebookSDK,
				);
				INFOPLIST_FILE = OnTheMap/Info.plist;
				LD_RUNPATH_SEARCH_PATHS = "$(inherited) @executable_path/Frameworks";
				PRODUCT_BUNDLE_IDENTIFIER = com.udacity.OnTheMap;
				PRODUCT_NAME = "$(TARGET_NAME)";
			};
			name = Release;
		};
		3C4777891C34909E00DEA421 /* Debug */ = {
			isa = XCBuildConfiguration;
			buildSettings = {
				BUNDLE_LOADER = "$(TEST_HOST)";
				INFOPLIST_FILE = OnTheMapTests/Info.plist;
				LD_RUNPATH_SEARCH_PATHS = "$(inherited) @executable_path/Frameworks @loader_path/Frameworks";
				PRODUCT_BUNDLE_IDENTIFIER = com.udacity.OnTheMapTests;
				PRODUCT_NAME = "$(TARGET_NAME)";
				TEST_HOST = "$(BUILT_PRODUCTS_DIR)/OnTheMap.app/OnTheMap";
			};
			name = Debug;
		};
		3C47778A1C34909E00DEA421 /* Release */ = {
			isa = XCBuildConfiguration;
			buildSettings = {
				BUNDLE_LOADER = "$(TEST_HOST)";
				INFOPLIST_FILE = OnTheMapTests/Info.plist;
				LD_RUNPATH_SEARCH_PATHS = "$(inherited) @executable_path/Frameworks @loader_path/Frameworks";
				PRODUCT_BUNDLE_IDENTIFIER = com.udacity.OnTheMapTests;
				PRODUCT_NAME = "$(TARGET_NAME)";
				TEST_HOST = "$(BUILT_PRODUCTS_DIR)/OnTheMap.app/OnTheMap";
			};
			name = Release;
		};
		3C47778C1C34909E00DEA421 /* Debug */ = {
			isa = XCBuildConfiguration;
			buildSettings = {
				INFOPLIST_FILE = OnTheMapUITests/Info.plist;
				LD_RUNPATH_SEARCH_PATHS = "$(inherited) @executable_path/Frameworks @loader_path/Frameworks";
				PRODUCT_BUNDLE_IDENTIFIER = com.udacity.OnTheMapUITests;
				PRODUCT_NAME = "$(TARGET_NAME)";
				TEST_TARGET_NAME = OnTheMap;
				USES_XCTRUNNER = YES;
			};
			name = Debug;
		};
		3C47778D1C34909E00DEA421 /* Release */ = {
			isa = XCBuildConfiguration;
			buildSettings = {
				INFOPLIST_FILE = OnTheMapUITests/Info.plist;
				LD_RUNPATH_SEARCH_PATHS = "$(inherited) @executable_path/Frameworks @loader_path/Frameworks";
				PRODUCT_BUNDLE_IDENTIFIER = com.udacity.OnTheMapUITests;
				PRODUCT_NAME = "$(TARGET_NAME)";
				TEST_TARGET_NAME = OnTheMap;
				USES_XCTRUNNER = YES;
			};
			name = Release;
		};
/* End XCBuildConfiguration section */

/* Begin XCConfigurationList section */
		3C4777581C34909E00DEA421 /* Build configuration list for PBXProject "OnTheMap" */ = {
			isa = XCConfigurationList;
			buildConfigurations = (
				3C4777831C34909E00DEA421 /* Debug */,
				3C4777841C34909E00DEA421 /* Release */,
			);
			defaultConfigurationIsVisible = 0;
			defaultConfigurationName = Release;
		};
		3C4777851C34909E00DEA421 /* Build configuration list for PBXNativeTarget "OnTheMap" */ = {
			isa = XCConfigurationList;
			buildConfigurations = (
				3C4777861C34909E00DEA421 /* Debug */,
				3C4777871C34909E00DEA421 /* Release */,
			);
			defaultConfigurationIsVisible = 0;
			defaultConfigurationName = Release;
		};
		3C4777881C34909E00DEA421 /* Build configuration list for PBXNativeTarget "OnTheMapTests" */ = {
			isa = XCConfigurationList;
			buildConfigurations = (
				3C4777891C34909E00DEA421 /* Debug */,
				3C47778A1C34909E00DEA421 /* Release */,
			);
			defaultConfigurationIsVisible = 0;
			defaultConfigurationName = Release;
		};
		3C47778B1C34909E00DEA421 /* Build configuration list for PBXNativeTarget "OnTheMapUITests" */ = {
			isa = XCConfigurationList;
			buildConfigurations = (
				3C47778C1C34909E00DEA421 /* Debug */,
				3C47778D1C34909E00DEA421 /* Release */,
			);
			defaultConfigurationIsVisible = 0;
			defaultConfigurationName = Release;
		};
/* End XCConfigurationList section */
	};
	rootObject = 3C4777551C34909E00DEA421 /* Project object */;
}
